// !$*UTF8*$!
{
	archiveVersion = 1;
	classes = {
	};
	objectVersion = 56;
	objects = {

/* Begin PBXBuildFile section */
		66918A632BB0DAC7007864A1 /* ThreadsCloneApp.swift in Sources */ = {isa = PBXBuildFile; fileRef = 66918A622BB0DAC7007864A1 /* ThreadsCloneApp.swift */; };
		66918A652BB0DAC7007864A1 /* ContentView.swift in Sources */ = {isa = PBXBuildFile; fileRef = 66918A642BB0DAC7007864A1 /* ContentView.swift */; };
		66918A672BB0DAC8007864A1 /* Assets.xcassets in Resources */ = {isa = PBXBuildFile; fileRef = 66918A662BB0DAC8007864A1 /* Assets.xcassets */; };
		66918A6A2BB0DAC8007864A1 /* Preview Assets.xcassets in Resources */ = {isa = PBXBuildFile; fileRef = 66918A692BB0DAC8007864A1 /* Preview Assets.xcassets */; };
		66918A742BB0DAC8007864A1 /* ThreadsCloneTests.swift in Sources */ = {isa = PBXBuildFile; fileRef = 66918A732BB0DAC8007864A1 /* ThreadsCloneTests.swift */; };
		66918A7E2BB0DAC8007864A1 /* ThreadsCloneUITests.swift in Sources */ = {isa = PBXBuildFile; fileRef = 66918A7D2BB0DAC8007864A1 /* ThreadsCloneUITests.swift */; };
		66918A802BB0DAC8007864A1 /* ThreadsCloneUITestsLaunchTests.swift in Sources */ = {isa = PBXBuildFile; fileRef = 66918A7F2BB0DAC8007864A1 /* ThreadsCloneUITestsLaunchTests.swift */; };
/* End PBXBuildFile section */

/* Begin PBXContainerItemProxy section */
		66918A702BB0DAC8007864A1 /* PBXContainerItemProxy */ = {
			isa = PBXContainerItemProxy;
			containerPortal = 66918A572BB0DAC7007864A1 /* Project object */;
			proxyType = 1;
			remoteGlobalIDString = 66918A5E2BB0DAC7007864A1;
			remoteInfo = ThreadsClone;
		};
		66918A7A2BB0DAC8007864A1 /* PBXContainerItemProxy */ = {
			isa = PBXContainerItemProxy;
			containerPortal = 66918A572BB0DAC7007864A1 /* Project object */;
			proxyType = 1;
			remoteGlobalIDString = 66918A5E2BB0DAC7007864A1;
			remoteInfo = ThreadsClone;
		};
/* End PBXContainerItemProxy section */

/* Begin PBXFileReference section */
		66918A5F2BB0DAC7007864A1 /* ThreadsClone.app */ = {isa = PBXFileReference; explicitFileType = wrapper.application; includeInIndex = 0; path = ThreadsClone.app; sourceTree = BUILT_PRODUCTS_DIR; };
		66918A622BB0DAC7007864A1 /* ThreadsCloneApp.swift */ = {isa = PBXFileReference; lastKnownFileType = sourcecode.swift; path = ThreadsCloneApp.swift; sourceTree = "<group>"; };
		66918A642BB0DAC7007864A1 /* ContentView.swift */ = {isa = PBXFileReference; lastKnownFileType = sourcecode.swift; path = ContentView.swift; sourceTree = "<group>"; };
		66918A662BB0DAC8007864A1 /* Assets.xcassets */ = {isa = PBXFileReference; lastKnownFileType = folder.assetcatalog; path = Assets.xcassets; sourceTree = "<group>"; };
		66918A692BB0DAC8007864A1 /* Preview Assets.xcassets */ = {isa = PBXFileReference; lastKnownFileType = folder.assetcatalog; path = "Preview Assets.xcassets"; sourceTree = "<group>"; };
		66918A6F2BB0DAC8007864A1 /* ThreadsCloneTests.xctest */ = {isa = PBXFileReference; explicitFileType = wrapper.cfbundle; includeInIndex = 0; path = ThreadsCloneTests.xctest; sourceTree = BUILT_PRODUCTS_DIR; };
		66918A732BB0DAC8007864A1 /* ThreadsCloneTests.swift */ = {isa = PBXFileReference; lastKnownFileType = sourcecode.swift; path = ThreadsCloneTests.swift; sourceTree = "<group>"; };
		66918A792BB0DAC8007864A1 /* ThreadsCloneUITests.xctest */ = {isa = PBXFileReference; explicitFileType = wrapper.cfbundle; includeInIndex = 0; path = ThreadsCloneUITests.xctest; sourceTree = BUILT_PRODUCTS_DIR; };
		66918A7D2BB0DAC8007864A1 /* ThreadsCloneUITests.swift */ = {isa = PBXFileReference; lastKnownFileType = sourcecode.swift; path = ThreadsCloneUITests.swift; sourceTree = "<group>"; };
		66918A7F2BB0DAC8007864A1 /* ThreadsCloneUITestsLaunchTests.swift */ = {isa = PBXFileReference; lastKnownFileType = sourcecode.swift; path = ThreadsCloneUITestsLaunchTests.swift; sourceTree = "<group>"; };
/* End PBXFileReference section */

/* Begin PBXFrameworksBuildPhase section */
		66918A5C2BB0DAC7007864A1 /* Frameworks */ = {
			isa = PBXFrameworksBuildPhase;
			buildActionMask = 2147483647;
			files = (
			);
			runOnlyForDeploymentPostprocessing = 0;
		};
		66918A6C2BB0DAC8007864A1 /* Frameworks */ = {
			isa = PBXFrameworksBuildPhase;
			buildActionMask = 2147483647;
			files = (
			);
			runOnlyForDeploymentPostprocessing = 0;
		};
		66918A762BB0DAC8007864A1 /* Frameworks */ = {
			isa = PBXFrameworksBuildPhase;
			buildActionMask = 2147483647;
			files = (
			);
			runOnlyForDeploymentPostprocessing = 0;
		};
/* End PBXFrameworksBuildPhase section */

/* Begin PBXGroup section */
		66918A562BB0DAC7007864A1 = {
			isa = PBXGroup;
			children = (
				66918A612BB0DAC7007864A1 /* ThreadsClone */,
				66918A722BB0DAC8007864A1 /* ThreadsCloneTests */,
				66918A7C2BB0DAC8007864A1 /* ThreadsCloneUITests */,
				66918A602BB0DAC7007864A1 /* Products */,
			);
			sourceTree = "<group>";
		};
		66918A602BB0DAC7007864A1 /* Products */ = {
			isa = PBXGroup;
			children = (
				66918A5F2BB0DAC7007864A1 /* ThreadsClone.app */,
				66918A6F2BB0DAC8007864A1 /* ThreadsCloneTests.xctest */,
				66918A792BB0DAC8007864A1 /* ThreadsCloneUITests.xctest */,
			);
			name = Products;
			sourceTree = "<group>";
		};
		66918A612BB0DAC7007864A1 /* ThreadsClone */ = {
			isa = PBXGroup;
			children = (
				66918A622BB0DAC7007864A1 /* ThreadsCloneApp.swift */,
				66918A642BB0DAC7007864A1 /* ContentView.swift */,
				66918A662BB0DAC8007864A1 /* Assets.xcassets */,
				66918A682BB0DAC8007864A1 /* Preview Content */,
			);
			path = ThreadsClone;
			sourceTree = "<group>";
		};
		66918A682BB0DAC8007864A1 /* Preview Content */ = {
			isa = PBXGroup;
			children = (
				66918A692BB0DAC8007864A1 /* Preview Assets.xcassets */,
			);
			path = "Preview Content";
			sourceTree = "<group>";
		};
		66918A722BB0DAC8007864A1 /* ThreadsCloneTests */ = {
			isa = PBXGroup;
			children = (
				66918A732BB0DAC8007864A1 /* ThreadsCloneTests.swift */,
			);
			path = ThreadsCloneTests;
			sourceTree = "<group>";
		};
		66918A7C2BB0DAC8007864A1 /* ThreadsCloneUITests */ = {
			isa = PBXGroup;
			children = (
				66918A7D2BB0DAC8007864A1 /* ThreadsCloneUITests.swift */,
				66918A7F2BB0DAC8007864A1 /* ThreadsCloneUITestsLaunchTests.swift */,
			);
			path = ThreadsCloneUITests;
			sourceTree = "<group>";
		};
/* End PBXGroup section */

/* Begin PBXNativeTarget section */
		66918A5E2BB0DAC7007864A1 /* ThreadsClone */ = {
			isa = PBXNativeTarget;
			buildConfigurationList = 66918A832BB0DAC8007864A1 /* Build configuration list for PBXNativeTarget "ThreadsClone" */;
			buildPhases = (
				66918A5B2BB0DAC7007864A1 /* Sources */,
				66918A5C2BB0DAC7007864A1 /* Frameworks */,
				66918A5D2BB0DAC7007864A1 /* Resources */,
			);
			buildRules = (
			);
			dependencies = (
			);
			name = ThreadsClone;
			productName = ThreadsClone;
			productReference = 66918A5F2BB0DAC7007864A1 /* ThreadsClone.app */;
			productType = "com.apple.product-type.application";
		};
		66918A6E2BB0DAC8007864A1 /* ThreadsCloneTests */ = {
			isa = PBXNativeTarget;
			buildConfigurationList = 66918A862BB0DAC8007864A1 /* Build configuration list for PBXNativeTarget "ThreadsCloneTests" */;
			buildPhases = (
				66918A6B2BB0DAC8007864A1 /* Sources */,
				66918A6C2BB0DAC8007864A1 /* Frameworks */,
				66918A6D2BB0DAC8007864A1 /* Resources */,
			);
			buildRules = (
			);
			dependencies = (
				66918A712BB0DAC8007864A1 /* PBXTargetDependency */,
			);
			name = ThreadsCloneTests;
			productName = ThreadsCloneTests;
			productReference = 66918A6F2BB0DAC8007864A1 /* ThreadsCloneTests.xctest */;
			productType = "com.apple.product-type.bundle.unit-test";
		};
		66918A782BB0DAC8007864A1 /* ThreadsCloneUITests */ = {
			isa = PBXNativeTarget;
			buildConfigurationList = 66918A892BB0DAC8007864A1 /* Build configuration list for PBXNativeTarget "ThreadsCloneUITests" */;
			buildPhases = (
				66918A752BB0DAC8007864A1 /* Sources */,
				66918A762BB0DAC8007864A1 /* Frameworks */,
				66918A772BB0DAC8007864A1 /* Resources */,
			);
			buildRules = (
			);
			dependencies = (
				66918A7B2BB0DAC8007864A1 /* PBXTargetDependency */,
			);
			name = ThreadsCloneUITests;
			productName = ThreadsCloneUITests;
			productReference = 66918A792BB0DAC8007864A1 /* ThreadsCloneUITests.xctest */;
			productType = "com.apple.product-type.bundle.ui-testing";
		};
/* End PBXNativeTarget section */

/* Begin PBXProject section */
		66918A572BB0DAC7007864A1 /* Project object */ = {
			isa = PBXProject;
			attributes = {
				BuildIndependentTargetsInParallel = 1;
				LastSwiftUpdateCheck = 1530;
				LastUpgradeCheck = 1530;
				TargetAttributes = {
					66918A5E2BB0DAC7007864A1 = {
						CreatedOnToolsVersion = 15.3;
					};
					66918A6E2BB0DAC8007864A1 = {
						CreatedOnToolsVersion = 15.3;
						TestTargetID = 66918A5E2BB0DAC7007864A1;
					};
					66918A782BB0DAC8007864A1 = {
						CreatedOnToolsVersion = 15.3;
						TestTargetID = 66918A5E2BB0DAC7007864A1;
					};
				};
			};
			buildConfigurationList = 66918A5A2BB0DAC7007864A1 /* Build configuration list for PBXProject "ThreadsClone" */;
			compatibilityVersion = "Xcode 14.0";
			developmentRegion = en;
			hasScannedForEncodings = 0;
			knownRegions = (
				en,
				Base,
			);
			mainGroup = 66918A562BB0DAC7007864A1;
			productRefGroup = 66918A602BB0DAC7007864A1 /* Products */;
			projectDirPath = "";
			projectRoot = "";
			targets = (
				66918A5E2BB0DAC7007864A1 /* ThreadsClone */,
				66918A6E2BB0DAC8007864A1 /* ThreadsCloneTests */,
				66918A782BB0DAC8007864A1 /* ThreadsCloneUITests */,
			);
		};
/* End PBXProject section */

/* Begin PBXResourcesBuildPhase section */
		66918A5D2BB0DAC7007864A1 /* Resources */ = {
			isa = PBXResourcesBuildPhase;
			buildActionMask = 2147483647;
			files = (
				66918A6A2BB0DAC8007864A1 /* Preview Assets.xcassets in Resources */,
				66918A672BB0DAC8007864A1 /* Assets.xcassets in Resources */,
			);
			runOnlyForDeploymentPostprocessing = 0;
		};
		66918A6D2BB0DAC8007864A1 /* Resources */ = {
			isa = PBXResourcesBuildPhase;
			buildActionMask = 2147483647;
			files = (
			);
			runOnlyForDeploymentPostprocessing = 0;
		};
		66918A772BB0DAC8007864A1 /* Resources */ = {
			isa = PBXResourcesBuildPhase;
			buildActionMask = 2147483647;
			files = (
			);
			runOnlyForDeploymentPostprocessing = 0;
		};
/* End PBXResourcesBuildPhase section */

/* Begin PBXSourcesBuildPhase section */
		66918A5B2BB0DAC7007864A1 /* Sources */ = {
			isa = PBXSourcesBuildPhase;
			buildActionMask = 2147483647;
			files = (
				66918A652BB0DAC7007864A1 /* ContentView.swift in Sources */,
				66918A632BB0DAC7007864A1 /* ThreadsCloneApp.swift in Sources */,
			);
			runOnlyForDeploymentPostprocessing = 0;
		};
		66918A6B2BB0DAC8007864A1 /* Sources */ = {
			isa = PBXSourcesBuildPhase;
			buildActionMask = 2147483647;
			files = (
				66918A742BB0DAC8007864A1 /* ThreadsCloneTests.swift in Sources */,
			);
			runOnlyForDeploymentPostprocessing = 0;
		};
		66918A752BB0DAC8007864A1 /* Sources */ = {
			isa = PBXSourcesBuildPhase;
			buildActionMask = 2147483647;
			files = (
				66918A802BB0DAC8007864A1 /* ThreadsCloneUITestsLaunchTests.swift in Sources */,
				66918A7E2BB0DAC8007864A1 /* ThreadsCloneUITests.swift in Sources */,
			);
			runOnlyForDeploymentPostprocessing = 0;
		};
/* End PBXSourcesBuildPhase section */

/* Begin PBXTargetDependency section */
		66918A712BB0DAC8007864A1 /* PBXTargetDependency */ = {
			isa = PBXTargetDependency;
			target = 66918A5E2BB0DAC7007864A1 /* ThreadsClone */;
			targetProxy = 66918A702BB0DAC8007864A1 /* PBXContainerItemProxy */;
		};
		66918A7B2BB0DAC8007864A1 /* PBXTargetDependency */ = {
			isa = PBXTargetDependency;
			target = 66918A5E2BB0DAC7007864A1 /* ThreadsClone */;
			targetProxy = 66918A7A2BB0DAC8007864A1 /* PBXContainerItemProxy */;
		};
/* End PBXTargetDependency section */

/* Begin XCBuildConfiguration section */
		66918A812BB0DAC8007864A1 /* Debug */ = {
			isa = XCBuildConfiguration;
			buildSettings = {
				ALWAYS_SEARCH_USER_PATHS = NO;
				ASSETCATALOG_COMPILER_GENERATE_SWIFT_ASSET_SYMBOL_EXTENSIONS = YES;
				CLANG_ANALYZER_NONNULL = YES;
				CLANG_ANALYZER_NUMBER_OBJECT_CONVERSION = YES_AGGRESSIVE;
				CLANG_CXX_LANGUAGE_STANDARD = "gnu++20";
				CLANG_ENABLE_MODULES = YES;
				CLANG_ENABLE_OBJC_ARC = YES;
				CLANG_ENABLE_OBJC_WEAK = YES;
				CLANG_WARN_BLOCK_CAPTURE_AUTORELEASING = YES;
				CLANG_WARN_BOOL_CONVERSION = YES;
				CLANG_WARN_COMMA = YES;
				CLANG_WARN_CONSTANT_CONVERSION = YES;
				CLANG_WARN_DEPRECATED_OBJC_IMPLEMENTATIONS = YES;
				CLANG_WARN_DIRECT_OBJC_ISA_USAGE = YES_ERROR;
				CLANG_WARN_DOCUMENTATION_COMMENTS = YES;
				CLANG_WARN_EMPTY_BODY = YES;
				CLANG_WARN_ENUM_CONVERSION = YES;
				CLANG_WARN_INFINITE_RECURSION = YES;
				CLANG_WARN_INT_CONVERSION = YES;
				CLANG_WARN_NON_LITERAL_NULL_CONVERSION = YES;
				CLANG_WARN_OBJC_IMPLICIT_RETAIN_SELF = YES;
				CLANG_WARN_OBJC_LITERAL_CONVERSION = YES;
				CLANG_WARN_OBJC_ROOT_CLASS = YES_ERROR;
				CLANG_WARN_QUOTED_INCLUDE_IN_FRAMEWORK_HEADER = YES;
				CLANG_WARN_RANGE_LOOP_ANALYSIS = YES;
				CLANG_WARN_STRICT_PROTOTYPES = YES;
				CLANG_WARN_SUSPICIOUS_MOVE = YES;
				CLANG_WARN_UNGUARDED_AVAILABILITY = YES_AGGRESSIVE;
				CLANG_WARN_UNREACHABLE_CODE = YES;
				CLANG_WARN__DUPLICATE_METHOD_MATCH = YES;
				COPY_PHASE_STRIP = NO;
				DEBUG_INFORMATION_FORMAT = dwarf;
				ENABLE_STRICT_OBJC_MSGSEND = YES;
				ENABLE_TESTABILITY = YES;
				ENABLE_USER_SCRIPT_SANDBOXING = YES;
				GCC_C_LANGUAGE_STANDARD = gnu17;
				GCC_DYNAMIC_NO_PIC = NO;
				GCC_NO_COMMON_BLOCKS = YES;
				GCC_OPTIMIZATION_LEVEL = 0;
				GCC_PREPROCESSOR_DEFINITIONS = (
					"DEBUG=1",
					"$(inherited)",
				);
				GCC_WARN_64_TO_32_BIT_CONVERSION = YES;
				GCC_WARN_ABOUT_RETURN_TYPE = YES_ERROR;
				GCC_WARN_UNDECLARED_SELECTOR = YES;
				GCC_WARN_UNINITIALIZED_AUTOS = YES_AGGRESSIVE;
				GCC_WARN_UNUSED_FUNCTION = YES;
				GCC_WARN_UNUSED_VARIABLE = YES;
				IPHONEOS_DEPLOYMENT_TARGET = 17.4;
				LOCALIZATION_PREFERS_STRING_CATALOGS = YES;
				MTL_ENABLE_DEBUG_INFO = INCLUDE_SOURCE;
				MTL_FAST_MATH = YES;
				ONLY_ACTIVE_ARCH = YES;
				SDKROOT = iphoneos;
				SWIFT_ACTIVE_COMPILATION_CONDITIONS = "DEBUG $(inherited)";
				SWIFT_OPTIMIZATION_LEVEL = "-Onone";
			};
			name = Debug;
		};
		66918A822BB0DAC8007864A1 /* Release */ = {
			isa = XCBuildConfiguration;
			buildSettings = {
				ALWAYS_SEARCH_USER_PATHS = NO;
				ASSETCATALOG_COMPILER_GENERATE_SWIFT_ASSET_SYMBOL_EXTENSIONS = YES;
				CLANG_ANALYZER_NONNULL = YES;
				CLANG_ANALYZER_NUMBER_OBJECT_CONVERSION = YES_AGGRESSIVE;
				CLANG_CXX_LANGUAGE_STANDARD = "gnu++20";
				CLANG_ENABLE_MODULES = YES;
				CLANG_ENABLE_OBJC_ARC = YES;
				CLANG_ENABLE_OBJC_WEAK = YES;
				CLANG_WARN_BLOCK_CAPTURE_AUTORELEASING = YES;
				CLANG_WARN_BOOL_CONVERSION = YES;
				CLANG_WARN_COMMA = YES;
				CLANG_WARN_CONSTANT_CONVERSION = YES;
				CLANG_WARN_DEPRECATED_OBJC_IMPLEMENTATIONS = YES;
				CLANG_WARN_DIRECT_OBJC_ISA_USAGE = YES_ERROR;
				CLANG_WARN_DOCUMENTATION_COMMENTS = YES;
				CLANG_WARN_EMPTY_BODY = YES;
				CLANG_WARN_ENUM_CONVERSION = YES;
				CLANG_WARN_INFINITE_RECURSION = YES;
				CLANG_WARN_INT_CONVERSION = YES;
				CLANG_WARN_NON_LITERAL_NULL_CONVERSION = YES;
				CLANG_WARN_OBJC_IMPLICIT_RETAIN_SELF = YES;
				CLANG_WARN_OBJC_LITERAL_CONVERSION = YES;
				CLANG_WARN_OBJC_ROOT_CLASS = YES_ERROR;
				CLANG_WARN_QUOTED_INCLUDE_IN_FRAMEWORK_HEADER = YES;
				CLANG_WARN_RANGE_LOOP_ANALYSIS = YES;
				CLANG_WARN_STRICT_PROTOTYPES = YES;
				CLANG_WARN_SUSPICIOUS_MOVE = YES;
				CLANG_WARN_UNGUARDED_AVAILABILITY = YES_AGGRESSIVE;
				CLANG_WARN_UNREACHABLE_CODE = YES;
				CLANG_WARN__DUPLICATE_METHOD_MATCH = YES;
				COPY_PHASE_STRIP = NO;
				DEBUG_INFORMATION_FORMAT = "dwarf-with-dsym";
				ENABLE_NS_ASSERTIONS = NO;
				ENABLE_STRICT_OBJC_MSGSEND = YES;
				ENABLE_USER_SCRIPT_SANDBOXING = YES;
				GCC_C_LANGUAGE_STANDARD = gnu17;
				GCC_NO_COMMON_BLOCKS = YES;
				GCC_WARN_64_TO_32_BIT_CONVERSION = YES;
				GCC_WARN_ABOUT_RETURN_TYPE = YES_ERROR;
				GCC_WARN_UNDECLARED_SELECTOR = YES;
				GCC_WARN_UNINITIALIZED_AUTOS = YES_AGGRESSIVE;
				GCC_WARN_UNUSED_FUNCTION = YES;
				GCC_WARN_UNUSED_VARIABLE = YES;
				IPHONEOS_DEPLOYMENT_TARGET = 17.4;
				LOCALIZATION_PREFERS_STRING_CATALOGS = YES;
				MTL_ENABLE_DEBUG_INFO = NO;
				MTL_FAST_MATH = YES;
				SDKROOT = iphoneos;
				SWIFT_COMPILATION_MODE = wholemodule;
				VALIDATE_PRODUCT = YES;
			};
			name = Release;
		};
		66918A842BB0DAC8007864A1 /* Debug */ = {
			isa = XCBuildConfiguration;
			buildSettings = {
				ASSETCATALOG_COMPILER_APPICON_NAME = AppIcon;
				ASSETCATALOG_COMPILER_GLOBAL_ACCENT_COLOR_NAME = AccentColor;
				CODE_SIGN_STYLE = Automatic;
				CURRENT_PROJECT_VERSION = 1;
				DEVELOPMENT_ASSET_PATHS = "\"ThreadsClone/Preview Content\"";
				ENABLE_PREVIEWS = YES;
				GENERATE_INFOPLIST_FILE = YES;
				INFOPLIST_KEY_UIApplicationSceneManifest_Generation = YES;
				INFOPLIST_KEY_UIApplicationSupportsIndirectInputEvents = YES;
				INFOPLIST_KEY_UILaunchScreen_Generation = YES;
				INFOPLIST_KEY_UISupportedInterfaceOrientations_iPad = "UIInterfaceOrientationPortrait UIInterfaceOrientationPortraitUpsideDown UIInterfaceOrientationLandscapeLeft UIInterfaceOrientationLandscapeRight";
				INFOPLIST_KEY_UISupportedInterfaceOrientations_iPhone = "UIInterfaceOrientationPortrait UIInterfaceOrientationLandscapeLeft UIInterfaceOrientationLandscapeRight";
				LD_RUNPATH_SEARCH_PATHS = (
					"$(inherited)",
					"@executable_path/Frameworks",
				);
				MARKETING_VERSION = 1.0;
				PRODUCT_BUNDLE_IDENTIFIER = test.ThreadsClone;
				PRODUCT_NAME = "$(TARGET_NAME)";
				SWIFT_EMIT_LOC_STRINGS = YES;
				SWIFT_VERSION = 5.0;
				TARGETED_DEVICE_FAMILY = "1,2";
			};
			name = Debug;
		};
		66918A852BB0DAC8007864A1 /* Release */ = {
			isa = XCBuildConfiguration;
			buildSettings = {
				ASSETCATALOG_COMPILER_APPICON_NAME = AppIcon;
				ASSETCATALOG_COMPILER_GLOBAL_ACCENT_COLOR_NAME = AccentColor;
				CODE_SIGN_STYLE = Automatic;
				CURRENT_PROJECT_VERSION = 1;
				DEVELOPMENT_ASSET_PATHS = "\"ThreadsClone/Preview Content\"";
				ENABLE_PREVIEWS = YES;
				GENERATE_INFOPLIST_FILE = YES;
				INFOPLIST_KEY_UIApplicationSceneManifest_Generation = YES;
				INFOPLIST_KEY_UIApplicationSupportsIndirectInputEvents = YES;
				INFOPLIST_KEY_UILaunchScreen_Generation = YES;
				INFOPLIST_KEY_UISupportedInterfaceOrientations_iPad = "UIInterfaceOrientationPortrait UIInterfaceOrientationPortraitUpsideDown UIInterfaceOrientationLandscapeLeft UIInterfaceOrientationLandscapeRight";
				INFOPLIST_KEY_UISupportedInterfaceOrientations_iPhone = "UIInterfaceOrientationPortrait UIInterfaceOrientationLandscapeLeft UIInterfaceOrientationLandscapeRight";
				LD_RUNPATH_SEARCH_PATHS = (
					"$(inherited)",
					"@executable_path/Frameworks",
				);
				MARKETING_VERSION = 1.0;
				PRODUCT_BUNDLE_IDENTIFIER = test.ThreadsClone;
				PRODUCT_NAME = "$(TARGET_NAME)";
				SWIFT_EMIT_LOC_STRINGS = YES;
				SWIFT_VERSION = 5.0;
				TARGETED_DEVICE_FAMILY = "1,2";
			};
			name = Release;
		};
		66918A872BB0DAC8007864A1 /* Debug */ = {
			isa = XCBuildConfiguration;
			buildSettings = {
				ALWAYS_EMBED_SWIFT_STANDARD_LIBRARIES = YES;
				BUNDLE_LOADER = "$(TEST_HOST)";
				CODE_SIGN_STYLE = Automatic;
				CURRENT_PROJECT_VERSION = 1;
				GENERATE_INFOPLIST_FILE = YES;
				IPHONEOS_DEPLOYMENT_TARGET = 17.4;
				MARKETING_VERSION = 1.0;
				PRODUCT_BUNDLE_IDENTIFIER = test.ThreadsCloneTests;
				PRODUCT_NAME = "$(TARGET_NAME)";
				SWIFT_EMIT_LOC_STRINGS = NO;
				SWIFT_VERSION = 5.0;
				TARGETED_DEVICE_FAMILY = "1,2";
				TEST_HOST = "$(BUILT_PRODUCTS_DIR)/ThreadsClone.app/$(BUNDLE_EXECUTABLE_FOLDER_PATH)/ThreadsClone";
			};
			name = Debug;
		};
		66918A882BB0DAC8007864A1 /* Release */ = {
			isa = XCBuildConfiguration;
			buildSettings = {
				ALWAYS_EMBED_SWIFT_STANDARD_LIBRARIES = YES;
				BUNDLE_LOADER = "$(TEST_HOST)";
				CODE_SIGN_STYLE = Automatic;
				CURRENT_PROJECT_VERSION = 1;
				GENERATE_INFOPLIST_FILE = YES;
				IPHONEOS_DEPLOYMENT_TARGET = 17.4;
				MARKETING_VERSION = 1.0;
				PRODUCT_BUNDLE_IDENTIFIER = test.ThreadsCloneTests;
				PRODUCT_NAME = "$(TARGET_NAME)";
				SWIFT_EMIT_LOC_STRINGS = NO;
				SWIFT_VERSION = 5.0;
				TARGETED_DEVICE_FAMILY = "1,2";
				TEST_HOST = "$(BUILT_PRODUCTS_DIR)/ThreadsClone.app/$(BUNDLE_EXECUTABLE_FOLDER_PATH)/ThreadsClone";
			};
			name = Release;
		};
		66918A8A2BB0DAC8007864A1 /* Debug */ = {
			isa = XCBuildConfiguration;
			buildSettings = {
				ALWAYS_EMBED_SWIFT_STANDARD_LIBRARIES = YES;
				CODE_SIGN_STYLE = Automatic;
				CURRENT_PROJECT_VERSION = 1;
				GENERATE_INFOPLIST_FILE = YES;
				MARKETING_VERSION = 1.0;
				PRODUCT_BUNDLE_IDENTIFIER = test.ThreadsCloneUITests;
				PRODUCT_NAME = "$(TARGET_NAME)";
				SWIFT_EMIT_LOC_STRINGS = NO;
				SWIFT_VERSION = 5.0;
				TARGETED_DEVICE_FAMILY = "1,2";
				TEST_TARGET_NAME = ThreadsClone;
			};
			name = Debug;
		};
		66918A8B2BB0DAC8007864A1 /* Release */ = {
			isa = XCBuildConfiguration;
			buildSettings = {
				ALWAYS_EMBED_SWIFT_STANDARD_LIBRARIES = YES;
				CODE_SIGN_STYLE = Automatic;
				CURRENT_PROJECT_VERSION = 1;
				GENERATE_INFOPLIST_FILE = YES;
				MARKETING_VERSION = 1.0;
				PRODUCT_BUNDLE_IDENTIFIER = test.ThreadsCloneUITests;
				PRODUCT_NAME = "$(TARGET_NAME)";
				SWIFT_EMIT_LOC_STRINGS = NO;
				SWIFT_VERSION = 5.0;
				TARGETED_DEVICE_FAMILY = "1,2";
				TEST_TARGET_NAME = ThreadsClone;
			};
			name = Release;
		};
/* End XCBuildConfiguration section */

/* Begin XCConfigurationList section */
		66918A5A2BB0DAC7007864A1 /* Build configuration list for PBXProject "ThreadsClone" */ = {
			isa = XCConfigurationList;
			buildConfigurations = (
				66918A812BB0DAC8007864A1 /* Debug */,
				66918A822BB0DAC8007864A1 /* Release */,
			);
			defaultConfigurationIsVisible = 0;
			defaultConfigurationName = Release;
		};
		66918A832BB0DAC8007864A1 /* Build configuration list for PBXNativeTarget "ThreadsClone" */ = {
			isa = XCConfigurationList;
			buildConfigurations = (
				66918A842BB0DAC8007864A1 /* Debug */,
				66918A852BB0DAC8007864A1 /* Release */,
			);
			defaultConfigurationIsVisible = 0;
			defaultConfigurationName = Release;
		};
		66918A862BB0DAC8007864A1 /* Build configuration list for PBXNativeTarget "ThreadsCloneTests" */ = {
			isa = XCConfigurationList;
			buildConfigurations = (
				66918A872BB0DAC8007864A1 /* Debug */,
				66918A882BB0DAC8007864A1 /* Release */,
			);
			defaultConfigurationIsVisible = 0;
			defaultConfigurationName = Release;
		};
		66918A892BB0DAC8007864A1 /* Build configuration list for PBXNativeTarget "ThreadsCloneUITests" */ = {
			isa = XCConfigurationList;
			buildConfigurations = (
				66918A8A2BB0DAC8007864A1 /* Debug */,
				66918A8B2BB0DAC8007864A1 /* Release */,
			);
			defaultConfigurationIsVisible = 0;
			defaultConfigurationName = Release;
		};
/* End XCConfigurationList section */
	};
	rootObject = 66918A572BB0DAC7007864A1 /* Project object */;
}
