// !$*UTF8*$!
{
	archiveVersion = 1;
	classes = {
	};
	objectVersion = 56;
	objects = {

/* Begin PBXBuildFile section */
		66338CB52BC0C12A003E1A64 /* Userservice.swift in Sources */ = {isa = PBXBuildFile; fileRef = 66338CB42BC0C12A003E1A64 /* Userservice.swift */; };
		66338CB72BC0C204003E1A64 /* Profileviewmodel.swift in Sources */ = {isa = PBXBuildFile; fileRef = 66338CB62BC0C204003E1A64 /* Profileviewmodel.swift */; };
		66338CB92BC0C8CF003E1A64 /* Exploreviewmodel.swift in Sources */ = {isa = PBXBuildFile; fileRef = 66338CB82BC0C8CF003E1A64 /* Exploreviewmodel.swift */; };
		66338CBC2BC0E63F003E1A64 /* previewprovider.swift in Sources */ = {isa = PBXBuildFile; fileRef = 66338CBB2BC0E63F003E1A64 /* previewprovider.swift */; };
		66338CC02BC0F849003E1A64 /* CurrentProfileView.swift in Sources */ = {isa = PBXBuildFile; fileRef = 66338CBF2BC0F849003E1A64 /* CurrentProfileView.swift */; };
		66338CC32BC10102003E1A64 /* Profileheaderview.swift in Sources */ = {isa = PBXBuildFile; fileRef = 66338CC22BC10102003E1A64 /* Profileheaderview.swift */; };
		668226D12BBDDEDD0056E3B1 /* CreateThreadview.swift in Sources */ = {isa = PBXBuildFile; fileRef = 668226D02BBDDEDD0056E3B1 /* CreateThreadview.swift */; };
		668226D32BBF5A160056E3B1 /* GoogleService-Info.plist in Resources */ = {isa = PBXBuildFile; fileRef = 668226D22BBF5A160056E3B1 /* GoogleService-Info.plist */; };
		668226D62BBF5E2B0056E3B1 /* FirebaseAuth in Frameworks */ = {isa = PBXBuildFile; productRef = 668226D52BBF5E2B0056E3B1 /* FirebaseAuth */; };
		668226D82BBF5E2B0056E3B1 /* FirebaseFirestore in Frameworks */ = {isa = PBXBuildFile; productRef = 668226D72BBF5E2B0056E3B1 /* FirebaseFirestore */; };
		668226DA2BBF5E2B0056E3B1 /* FirebaseFirestoreSwift in Frameworks */ = {isa = PBXBuildFile; productRef = 668226D92BBF5E2B0056E3B1 /* FirebaseFirestoreSwift */; };
		668226DC2BBF5E2B0056E3B1 /* FirebaseStorage in Frameworks */ = {isa = PBXBuildFile; productRef = 668226DB2BBF5E2B0056E3B1 /* FirebaseStorage */; };
		668226DE2BBF60960056E3B1 /* Registrationmodel.swift in Sources */ = {isa = PBXBuildFile; fileRef = 668226DD2BBF60960056E3B1 /* Registrationmodel.swift */; };
		668226E12BBF62CA0056E3B1 /* AuthService.swift in Sources */ = {isa = PBXBuildFile; fileRef = 668226E02BBF62CA0056E3B1 /* AuthService.swift */; };
		668226E32BBF7D9D0056E3B1 /* Contentview.swift in Sources */ = {isa = PBXBuildFile; fileRef = 668226E22BBF7D9D0056E3B1 /* Contentview.swift */; };
		668226E52BBF7E420056E3B1 /* Contentviewmodel.swift in Sources */ = {isa = PBXBuildFile; fileRef = 668226E42BBF7E420056E3B1 /* Contentviewmodel.swift */; };
		668226E72BBF85220056E3B1 /* loginviewmodel.swift in Sources */ = {isa = PBXBuildFile; fileRef = 668226E62BBF85220056E3B1 /* loginviewmodel.swift */; };
		668226E92BC0BA8E0056E3B1 /* User.swift in Sources */ = {isa = PBXBuildFile; fileRef = 668226E82BC0BA8E0056E3B1 /* User.swift */; };
		66918A632BB0DAC7007864A1 /* ThreadsCloneApp.swift in Sources */ = {isa = PBXBuildFile; fileRef = 66918A622BB0DAC7007864A1 /* ThreadsCloneApp.swift */; };
		66918A652BB0DAC7007864A1 /* ContentView.swift in Sources */ = {isa = PBXBuildFile; fileRef = 66918A642BB0DAC7007864A1 /* ContentView.swift */; };
		66918A672BB0DAC8007864A1 /* Assets.xcassets in Resources */ = {isa = PBXBuildFile; fileRef = 66918A662BB0DAC8007864A1 /* Assets.xcassets */; };
		66918A6A2BB0DAC8007864A1 /* Preview Assets.xcassets in Resources */ = {isa = PBXBuildFile; fileRef = 66918A692BB0DAC8007864A1 /* Preview Assets.xcassets */; };
		66918A742BB0DAC8007864A1 /* ThreadsCloneTests.swift in Sources */ = {isa = PBXBuildFile; fileRef = 66918A732BB0DAC8007864A1 /* ThreadsCloneTests.swift */; };
		66918A7E2BB0DAC8007864A1 /* ThreadsCloneUITests.swift in Sources */ = {isa = PBXBuildFile; fileRef = 66918A7D2BB0DAC8007864A1 /* ThreadsCloneUITests.swift */; };
		66918A802BB0DAC8007864A1 /* ThreadsCloneUITestsLaunchTests.swift in Sources */ = {isa = PBXBuildFile; fileRef = 66918A7F2BB0DAC8007864A1 /* ThreadsCloneUITestsLaunchTests.swift */; };
		66918A962BB0DE40007864A1 /* Loginview.swift in Sources */ = {isa = PBXBuildFile; fileRef = 66918A952BB0DE40007864A1 /* Loginview.swift */; };
		66918A982BB3AAFD007864A1 /* Registrationview.swift in Sources */ = {isa = PBXBuildFile; fileRef = 66918A972BB3AAFD007864A1 /* Registrationview.swift */; };
		66918A9B2BB49189007864A1 /* Threadstextfieldmodifier.swift in Sources */ = {isa = PBXBuildFile; fileRef = 66918A9A2BB49189007864A1 /* Threadstextfieldmodifier.swift */; };
		66918A9E2BB4C86B007864A1 /* Threadstabview.swift in Sources */ = {isa = PBXBuildFile; fileRef = 66918A9D2BB4C86B007864A1 /* Threadstabview.swift */; };
		66918AA22BB4EAFD007864A1 /* Feedview.swift in Sources */ = {isa = PBXBuildFile; fileRef = 66918AA12BB4EAFD007864A1 /* Feedview.swift */; };
		66918AA52BB4EB74007864A1 /* Exploreview.swift in Sources */ = {isa = PBXBuildFile; fileRef = 66918AA42BB4EB74007864A1 /* Exploreview.swift */; };
		66918AAA2BB4F3B1007864A1 /* Activityview.swift in Sources */ = {isa = PBXBuildFile; fileRef = 66918AA92BB4F3B1007864A1 /* Activityview.swift */; };
		66918AAE2BB51F7E007864A1 /* Profileview.swift in Sources */ = {isa = PBXBuildFile; fileRef = 66918AAD2BB51F7E007864A1 /* Profileview.swift */; };
		66918AB02BB523B3007864A1 /* Threadcell.swift in Sources */ = {isa = PBXBuildFile; fileRef = 66918AAF2BB523B3007864A1 /* Threadcell.swift */; };
		66918AB32BB611EC007864A1 /* CircularProfileImageView.swift in Sources */ = {isa = PBXBuildFile; fileRef = 66918AB22BB611EC007864A1 /* CircularProfileImageView.swift */; };
		66918AB52BBCBE60007864A1 /* UserCell.swift in Sources */ = {isa = PBXBuildFile; fileRef = 66918AB42BBCBE60007864A1 /* UserCell.swift */; };
		66918AB92BBCD4B7007864A1 /* Profilethreadfilter.swift in Sources */ = {isa = PBXBuildFile; fileRef = 66918AB82BBCD4B7007864A1 /* Profilethreadfilter.swift */; };
		66918ABC2BBCFA96007864A1 /* EditProfileview.swift in Sources */ = {isa = PBXBuildFile; fileRef = 66918ABB2BBCFA96007864A1 /* EditProfileview.swift */; };
/* End PBXBuildFile section */

/* Begin PBXContainerItemProxy section */
		66918A702BB0DAC8007864A1 /* PBXContainerItemProxy */ = {
			isa = PBXContainerItemProxy;
			containerPortal = 66918A572BB0DAC7007864A1 /* Project object */;
			proxyType = 1;
			remoteGlobalIDString = 66918A5E2BB0DAC7007864A1;
			remoteInfo = ThreadsClone;
		};
		66918A7A2BB0DAC8007864A1 /* PBXContainerItemProxy */ = {
			isa = PBXContainerItemProxy;
			containerPortal = 66918A572BB0DAC7007864A1 /* Project object */;
			proxyType = 1;
			remoteGlobalIDString = 66918A5E2BB0DAC7007864A1;
			remoteInfo = ThreadsClone;
		};
/* End PBXContainerItemProxy section */

/* Begin PBXFileReference section */
		66338CB42BC0C12A003E1A64 /* Userservice.swift */ = {isa = PBXFileReference; lastKnownFileType = sourcecode.swift; path = Userservice.swift; sourceTree = "<group>"; };
		66338CB62BC0C204003E1A64 /* Profileviewmodel.swift */ = {isa = PBXFileReference; lastKnownFileType = sourcecode.swift; path = Profileviewmodel.swift; sourceTree = "<group>"; };
		66338CB82BC0C8CF003E1A64 /* Exploreviewmodel.swift */ = {isa = PBXFileReference; lastKnownFileType = sourcecode.swift; path = Exploreviewmodel.swift; sourceTree = "<group>"; };
		66338CBB2BC0E63F003E1A64 /* previewprovider.swift */ = {isa = PBXFileReference; lastKnownFileType = sourcecode.swift; path = previewprovider.swift; sourceTree = "<group>"; };
		66338CBF2BC0F849003E1A64 /* CurrentProfileView.swift */ = {isa = PBXFileReference; lastKnownFileType = sourcecode.swift; path = CurrentProfileView.swift; sourceTree = "<group>"; };
		66338CC22BC10102003E1A64 /* Profileheaderview.swift */ = {isa = PBXFileReference; lastKnownFileType = sourcecode.swift; path = Profileheaderview.swift; sourceTree = "<group>"; };
		668226D02BBDDEDD0056E3B1 /* CreateThreadview.swift */ = {isa = PBXFileReference; lastKnownFileType = sourcecode.swift; path = CreateThreadview.swift; sourceTree = "<group>"; };
		668226D22BBF5A160056E3B1 /* GoogleService-Info.plist */ = {isa = PBXFileReference; fileEncoding = 4; lastKnownFileType = text.plist.xml; path = "GoogleService-Info.plist"; sourceTree = "<group>"; };
		668226DD2BBF60960056E3B1 /* Registrationmodel.swift */ = {isa = PBXFileReference; lastKnownFileType = sourcecode.swift; path = Registrationmodel.swift; sourceTree = "<group>"; };
		668226E02BBF62CA0056E3B1 /* AuthService.swift */ = {isa = PBXFileReference; lastKnownFileType = sourcecode.swift; path = AuthService.swift; sourceTree = "<group>"; };
		668226E22BBF7D9D0056E3B1 /* Contentview.swift */ = {isa = PBXFileReference; lastKnownFileType = sourcecode.swift; path = Contentview.swift; sourceTree = "<group>"; };
		668226E42BBF7E420056E3B1 /* Contentviewmodel.swift */ = {isa = PBXFileReference; lastKnownFileType = sourcecode.swift; path = Contentviewmodel.swift; sourceTree = "<group>"; };
		668226E62BBF85220056E3B1 /* loginviewmodel.swift */ = {isa = PBXFileReference; lastKnownFileType = sourcecode.swift; path = loginviewmodel.swift; sourceTree = "<group>"; };
		668226E82BC0BA8E0056E3B1 /* User.swift */ = {isa = PBXFileReference; lastKnownFileType = sourcecode.swift; path = User.swift; sourceTree = "<group>"; };
		66918A5F2BB0DAC7007864A1 /* ThreadsClone.app */ = {isa = PBXFileReference; explicitFileType = wrapper.application; includeInIndex = 0; path = ThreadsClone.app; sourceTree = BUILT_PRODUCTS_DIR; };
		66918A622BB0DAC7007864A1 /* ThreadsCloneApp.swift */ = {isa = PBXFileReference; lastKnownFileType = sourcecode.swift; path = ThreadsCloneApp.swift; sourceTree = "<group>"; };
		66918A642BB0DAC7007864A1 /* ContentView.swift */ = {isa = PBXFileReference; lastKnownFileType = sourcecode.swift; path = ContentView.swift; sourceTree = "<group>"; };
		66918A662BB0DAC8007864A1 /* Assets.xcassets */ = {isa = PBXFileReference; lastKnownFileType = folder.assetcatalog; path = Assets.xcassets; sourceTree = "<group>"; };
		66918A692BB0DAC8007864A1 /* Preview Assets.xcassets */ = {isa = PBXFileReference; lastKnownFileType = folder.assetcatalog; path = "Preview Assets.xcassets"; sourceTree = "<group>"; };
		66918A6F2BB0DAC8007864A1 /* ThreadsCloneTests.xctest */ = {isa = PBXFileReference; explicitFileType = wrapper.cfbundle; includeInIndex = 0; path = ThreadsCloneTests.xctest; sourceTree = BUILT_PRODUCTS_DIR; };
		66918A732BB0DAC8007864A1 /* ThreadsCloneTests.swift */ = {isa = PBXFileReference; lastKnownFileType = sourcecode.swift; path = ThreadsCloneTests.swift; sourceTree = "<group>"; };
		66918A792BB0DAC8007864A1 /* ThreadsCloneUITests.xctest */ = {isa = PBXFileReference; explicitFileType = wrapper.cfbundle; includeInIndex = 0; path = ThreadsCloneUITests.xctest; sourceTree = BUILT_PRODUCTS_DIR; };
		66918A7D2BB0DAC8007864A1 /* ThreadsCloneUITests.swift */ = {isa = PBXFileReference; lastKnownFileType = sourcecode.swift; path = ThreadsCloneUITests.swift; sourceTree = "<group>"; };
		66918A7F2BB0DAC8007864A1 /* ThreadsCloneUITestsLaunchTests.swift */ = {isa = PBXFileReference; lastKnownFileType = sourcecode.swift; path = ThreadsCloneUITestsLaunchTests.swift; sourceTree = "<group>"; };
		66918A952BB0DE40007864A1 /* Loginview.swift */ = {isa = PBXFileReference; lastKnownFileType = sourcecode.swift; path = Loginview.swift; sourceTree = "<group>"; };
		66918A972BB3AAFD007864A1 /* Registrationview.swift */ = {isa = PBXFileReference; lastKnownFileType = sourcecode.swift; path = Registrationview.swift; sourceTree = "<group>"; };
		66918A9A2BB49189007864A1 /* Threadstextfieldmodifier.swift */ = {isa = PBXFileReference; lastKnownFileType = sourcecode.swift; path = Threadstextfieldmodifier.swift; sourceTree = "<group>"; };
		66918A9D2BB4C86B007864A1 /* Threadstabview.swift */ = {isa = PBXFileReference; lastKnownFileType = sourcecode.swift; path = Threadstabview.swift; sourceTree = "<group>"; };
		66918AA12BB4EAFD007864A1 /* Feedview.swift */ = {isa = PBXFileReference; lastKnownFileType = sourcecode.swift; path = Feedview.swift; sourceTree = "<group>"; };
		66918AA42BB4EB74007864A1 /* Exploreview.swift */ = {isa = PBXFileReference; lastKnownFileType = sourcecode.swift; path = Exploreview.swift; sourceTree = "<group>"; };
		66918AA92BB4F3B1007864A1 /* Activityview.swift */ = {isa = PBXFileReference; lastKnownFileType = sourcecode.swift; path = Activityview.swift; sourceTree = "<group>"; };
		66918AAD2BB51F7E007864A1 /* Profileview.swift */ = {isa = PBXFileReference; lastKnownFileType = sourcecode.swift; path = Profileview.swift; sourceTree = "<group>"; };
		66918AAF2BB523B3007864A1 /* Threadcell.swift */ = {isa = PBXFileReference; lastKnownFileType = sourcecode.swift; path = Threadcell.swift; sourceTree = "<group>"; };
		66918AB22BB611EC007864A1 /* CircularProfileImageView.swift */ = {isa = PBXFileReference; lastKnownFileType = sourcecode.swift; path = CircularProfileImageView.swift; sourceTree = "<group>"; };
		66918AB42BBCBE60007864A1 /* UserCell.swift */ = {isa = PBXFileReference; lastKnownFileType = sourcecode.swift; path = UserCell.swift; sourceTree = "<group>"; };
		66918AB82BBCD4B7007864A1 /* Profilethreadfilter.swift */ = {isa = PBXFileReference; lastKnownFileType = sourcecode.swift; path = Profilethreadfilter.swift; sourceTree = "<group>"; };
		66918ABB2BBCFA96007864A1 /* EditProfileview.swift */ = {isa = PBXFileReference; lastKnownFileType = sourcecode.swift; path = EditProfileview.swift; sourceTree = "<group>"; };
/* End PBXFileReference section */

/* Begin PBXFrameworksBuildPhase section */
		66918A5C2BB0DAC7007864A1 /* Frameworks */ = {
			isa = PBXFrameworksBuildPhase;
			buildActionMask = 2147483647;
			files = (
				668226D62BBF5E2B0056E3B1 /* FirebaseAuth in Frameworks */,
				668226DC2BBF5E2B0056E3B1 /* FirebaseStorage in Frameworks */,
				668226D82BBF5E2B0056E3B1 /* FirebaseFirestore in Frameworks */,
				668226DA2BBF5E2B0056E3B1 /* FirebaseFirestoreSwift in Frameworks */,
			);
			runOnlyForDeploymentPostprocessing = 0;
		};
		66918A6C2BB0DAC8007864A1 /* Frameworks */ = {
			isa = PBXFrameworksBuildPhase;
			buildActionMask = 2147483647;
			files = (
			);
			runOnlyForDeploymentPostprocessing = 0;
		};
		66918A762BB0DAC8007864A1 /* Frameworks */ = {
			isa = PBXFrameworksBuildPhase;
			buildActionMask = 2147483647;
			files = (
			);
			runOnlyForDeploymentPostprocessing = 0;
		};
/* End PBXFrameworksBuildPhase section */

/* Begin PBXGroup section */
		66338CBA2BC0E62F003E1A64 /* previewprovider */ = {
			isa = PBXGroup;
			children = (
				66338CBB2BC0E63F003E1A64 /* previewprovider.swift */,
			);
			path = previewprovider;
			sourceTree = "<group>";
		};
		66338CBD2BC0F814003E1A64 /* CurrentUserProfile */ = {
			isa = PBXGroup;
			children = (
				66338CBF2BC0F849003E1A64 /* CurrentProfileView.swift */,
			);
			path = CurrentUserProfile;
			sourceTree = "<group>";
		};
		66338CC12BC100F4003E1A64 /* Components */ = {
			isa = PBXGroup;
			children = (
				66338CC22BC10102003E1A64 /* Profileheaderview.swift */,
			);
			path = Components;
			sourceTree = "<group>";
		};
		668226DF2BBF62B50056E3B1 /* Service */ = {
			isa = PBXGroup;
			children = (
				668226E02BBF62CA0056E3B1 /* AuthService.swift */,
			);
			path = Service;
			sourceTree = "<group>";
		};
		66918A562BB0DAC7007864A1 = {
			isa = PBXGroup;
			children = (
				66918A612BB0DAC7007864A1 /* ThreadsClone */,
				66918A722BB0DAC8007864A1 /* ThreadsCloneTests */,
				66918A7C2BB0DAC8007864A1 /* ThreadsCloneUITests */,
				66918A602BB0DAC7007864A1 /* Products */,
			);
			sourceTree = "<group>";
		};
		66918A602BB0DAC7007864A1 /* Products */ = {
			isa = PBXGroup;
			children = (
				66918A5F2BB0DAC7007864A1 /* ThreadsClone.app */,
				66918A6F2BB0DAC8007864A1 /* ThreadsCloneTests.xctest */,
				66918A792BB0DAC8007864A1 /* ThreadsCloneUITests.xctest */,
			);
			name = Products;
			sourceTree = "<group>";
		};
		66918A612BB0DAC7007864A1 /* ThreadsClone */ = {
			isa = PBXGroup;
			children = (
				668226D22BBF5A160056E3B1 /* GoogleService-Info.plist */,
				66918A8C2BB0DB0A007864A1 /* App */,
				66918A8D2BB0DB22007864A1 /* Core */,
				66918A8F2BB0DB43007864A1 /* Model */,
				66918A8E2BB0DB2C007864A1 /* Extension */,
				66918A902BB0DB47007864A1 /* Services */,
				66918A912BB0DB8D007864A1 /* Util */,
				66918A682BB0DAC8007864A1 /* Preview Content */,
			);
			path = ThreadsClone;
			sourceTree = "<group>";
		};
		66918A682BB0DAC8007864A1 /* Preview Content */ = {
			isa = PBXGroup;
			children = (
				66918A692BB0DAC8007864A1 /* Preview Assets.xcassets */,
			);
			path = "Preview Content";
			sourceTree = "<group>";
		};
		66918A722BB0DAC8007864A1 /* ThreadsCloneTests */ = {
			isa = PBXGroup;
			children = (
				66918A732BB0DAC8007864A1 /* ThreadsCloneTests.swift */,
			);
			path = ThreadsCloneTests;
			sourceTree = "<group>";
		};
		66918A7C2BB0DAC8007864A1 /* ThreadsCloneUITests */ = {
			isa = PBXGroup;
			children = (
				66918A7D2BB0DAC8007864A1 /* ThreadsCloneUITests.swift */,
				66918A7F2BB0DAC8007864A1 /* ThreadsCloneUITestsLaunchTests.swift */,
			);
			path = ThreadsCloneUITests;
			sourceTree = "<group>";
		};
		66918A8C2BB0DB0A007864A1 /* App */ = {
			isa = PBXGroup;
			children = (
				66918A622BB0DAC7007864A1 /* ThreadsCloneApp.swift */,
			);
			path = App;
			sourceTree = "<group>";
		};
		66918A8D2BB0DB22007864A1 /* Core */ = {
			isa = PBXGroup;
			children = (
				66918AA72BB4EDD8007864A1 /* Activity */,
				66918A922BB0DE09007864A1 /* Authentication */,
				66918AB12BB611A3007864A1 /* Components */,
				66918AA32BB4EB5B007864A1 /* Explore */,
				66918AA02BB4EADB007864A1 /* Feed */,
				66918AA82BB4EDDB007864A1 /* Profile */,
				66918A932BB0DE15007864A1 /* Root */,
				66918A9C2BB4C82F007864A1 /* Tab bar */,
				66918AA62BB4EDCE007864A1 /* Thread */,
			);
			path = Core;
			sourceTree = "<group>";
		};
		66918A8E2BB0DB2C007864A1 /* Extension */ = {
			isa = PBXGroup;
			children = (
				66338CBA2BC0E62F003E1A64 /* previewprovider */,
			);
			path = Extension;
			sourceTree = "<group>";
		};
		66918A8F2BB0DB43007864A1 /* Model */ = {
			isa = PBXGroup;
			children = (
				668226E82BC0BA8E0056E3B1 /* User.swift */,
			);
			path = Model;
			sourceTree = "<group>";
		};
		66918A902BB0DB47007864A1 /* Services */ = {
			isa = PBXGroup;
			children = (
				66338CB42BC0C12A003E1A64 /* Userservice.swift */,
			);
			path = Services;
			sourceTree = "<group>";
		};
		66918A912BB0DB8D007864A1 /* Util */ = {
			isa = PBXGroup;
			children = (
				66918A992BB49174007864A1 /* Viewmodifiers */,
				66918A662BB0DAC8007864A1 /* Assets.xcassets */,
				66918A642BB0DAC7007864A1 /* ContentView.swift */,
			);
			path = Util;
			sourceTree = "<group>";
		};
		66918A922BB0DE09007864A1 /* Authentication */ = {
			isa = PBXGroup;
			children = (
				668226DF2BBF62B50056E3B1 /* Service */,
				66918A942BB0DE21007864A1 /* Views */,
			);
			path = Authentication;
			sourceTree = "<group>";
		};
		66918A932BB0DE15007864A1 /* Root */ = {
			isa = PBXGroup;
			children = (
				668226E22BBF7D9D0056E3B1 /* Contentview.swift */,
				668226E42BBF7E420056E3B1 /* Contentviewmodel.swift */,
			);
			path = Root;
			sourceTree = "<group>";
		};
		66918A942BB0DE21007864A1 /* Views */ = {
			isa = PBXGroup;
			children = (
				66918A952BB0DE40007864A1 /* Loginview.swift */,
				66918A972BB3AAFD007864A1 /* Registrationview.swift */,
				668226DD2BBF60960056E3B1 /* Registrationmodel.swift */,
				668226E62BBF85220056E3B1 /* loginviewmodel.swift */,
			);
			path = Views;
			sourceTree = "<group>";
		};
		66918A992BB49174007864A1 /* Viewmodifiers */ = {
			isa = PBXGroup;
			children = (
				66918A9A2BB49189007864A1 /* Threadstextfieldmodifier.swift */,
			);
			path = Viewmodifiers;
			sourceTree = "<group>";
		};
		66918A9C2BB4C82F007864A1 /* Tab bar */ = {
			isa = PBXGroup;
			children = (
				66918A9D2BB4C86B007864A1 /* Threadstabview.swift */,
			);
			path = "Tab bar";
			sourceTree = "<group>";
		};
		66918AA02BB4EADB007864A1 /* Feed */ = {
			isa = PBXGroup;
			children = (
				66918AA12BB4EAFD007864A1 /* Feedview.swift */,
				66918AAF2BB523B3007864A1 /* Threadcell.swift */,
			);
			path = Feed;
			sourceTree = "<group>";
		};
		66918AA32BB4EB5B007864A1 /* Explore */ = {
			isa = PBXGroup;
			children = (
				66918AA42BB4EB74007864A1 /* Exploreview.swift */,
				66338CB82BC0C8CF003E1A64 /* Exploreviewmodel.swift */,
			);
			path = Explore;
			sourceTree = "<group>";
		};
		66918AA62BB4EDCE007864A1 /* Thread */ = {
			isa = PBXGroup;
			children = (
				668226D02BBDDEDD0056E3B1 /* CreateThreadview.swift */,
			);
			path = Thread;
			sourceTree = "<group>";
		};
		66918AA72BB4EDD8007864A1 /* Activity */ = {
			isa = PBXGroup;
			children = (
				66918AA92BB4F3B1007864A1 /* Activityview.swift */,
			);
			path = Activity;
			sourceTree = "<group>";
		};
		66918AA82BB4EDDB007864A1 /* Profile */ = {
			isa = PBXGroup;
			children = (
				66338CC12BC100F4003E1A64 /* Components */,
				66338CBD2BC0F814003E1A64 /* CurrentUserProfile */,
				66918ABA2BBCFA6B007864A1 /* Edit */,
				66918AB72BBCD488007864A1 /* Model */,
				66918AB62BBCD47D007864A1 /* View */,
				66338CB62BC0C204003E1A64 /* Profileviewmodel.swift */,
			);
			path = Profile;
			sourceTree = "<group>";
		};
		66918AB12BB611A3007864A1 /* Components */ = {
			isa = PBXGroup;
			children = (
				66918AB22BB611EC007864A1 /* CircularProfileImageView.swift */,
				66918AB42BBCBE60007864A1 /* UserCell.swift */,
			);
			path = Components;
			sourceTree = "<group>";
		};
		66918AB62BBCD47D007864A1 /* View */ = {
			isa = PBXGroup;
			children = (
				66918AAD2BB51F7E007864A1 /* Profileview.swift */,
			);
			path = View;
			sourceTree = "<group>";
		};
		66918AB72BBCD488007864A1 /* Model */ = {
			isa = PBXGroup;
			children = (
				66918AB82BBCD4B7007864A1 /* Profilethreadfilter.swift */,
			);
			path = Model;
			sourceTree = "<group>";
		};
		66918ABA2BBCFA6B007864A1 /* Edit */ = {
			isa = PBXGroup;
			children = (
				66918ABB2BBCFA96007864A1 /* EditProfileview.swift */,
			);
			path = Edit;
			sourceTree = "<group>";
		};
/* End PBXGroup section */

/* Begin PBXNativeTarget section */
		66918A5E2BB0DAC7007864A1 /* ThreadsClone */ = {
			isa = PBXNativeTarget;
			buildConfigurationList = 66918A832BB0DAC8007864A1 /* Build configuration list for PBXNativeTarget "ThreadsClone" */;
			buildPhases = (
				66918A5B2BB0DAC7007864A1 /* Sources */,
				66918A5C2BB0DAC7007864A1 /* Frameworks */,
				66918A5D2BB0DAC7007864A1 /* Resources */,
			);
			buildRules = (
			);
			dependencies = (
			);
			name = ThreadsClone;
			packageProductDependencies = (
				668226D52BBF5E2B0056E3B1 /* FirebaseAuth */,
				668226D72BBF5E2B0056E3B1 /* FirebaseFirestore */,
				668226D92BBF5E2B0056E3B1 /* FirebaseFirestoreSwift */,
				668226DB2BBF5E2B0056E3B1 /* FirebaseStorage */,
			);
			productName = ThreadsClone;
			productReference = 66918A5F2BB0DAC7007864A1 /* ThreadsClone.app */;
			productType = "com.apple.product-type.application";
		};
		66918A6E2BB0DAC8007864A1 /* ThreadsCloneTests */ = {
			isa = PBXNativeTarget;
			buildConfigurationList = 66918A862BB0DAC8007864A1 /* Build configuration list for PBXNativeTarget "ThreadsCloneTests" */;
			buildPhases = (
				66918A6B2BB0DAC8007864A1 /* Sources */,
				66918A6C2BB0DAC8007864A1 /* Frameworks */,
				66918A6D2BB0DAC8007864A1 /* Resources */,
			);
			buildRules = (
			);
			dependencies = (
				66918A712BB0DAC8007864A1 /* PBXTargetDependency */,
			);
			name = ThreadsCloneTests;
			productName = ThreadsCloneTests;
			productReference = 66918A6F2BB0DAC8007864A1 /* ThreadsCloneTests.xctest */;
			productType = "com.apple.product-type.bundle.unit-test";
		};
		66918A782BB0DAC8007864A1 /* ThreadsCloneUITests */ = {
			isa = PBXNativeTarget;
			buildConfigurationList = 66918A892BB0DAC8007864A1 /* Build configuration list for PBXNativeTarget "ThreadsCloneUITests" */;
			buildPhases = (
				66918A752BB0DAC8007864A1 /* Sources */,
				66918A762BB0DAC8007864A1 /* Frameworks */,
				66918A772BB0DAC8007864A1 /* Resources */,
			);
			buildRules = (
			);
			dependencies = (
				66918A7B2BB0DAC8007864A1 /* PBXTargetDependency */,
			);
			name = ThreadsCloneUITests;
			productName = ThreadsCloneUITests;
			productReference = 66918A792BB0DAC8007864A1 /* ThreadsCloneUITests.xctest */;
			productType = "com.apple.product-type.bundle.ui-testing";
		};
/* End PBXNativeTarget section */

/* Begin PBXProject section */
		66918A572BB0DAC7007864A1 /* Project object */ = {
			isa = PBXProject;
			attributes = {
				BuildIndependentTargetsInParallel = 1;
				LastSwiftUpdateCheck = 1530;
				LastUpgradeCheck = 1530;
				TargetAttributes = {
					66918A5E2BB0DAC7007864A1 = {
						CreatedOnToolsVersion = 15.3;
					};
					66918A6E2BB0DAC8007864A1 = {
						CreatedOnToolsVersion = 15.3;
						TestTargetID = 66918A5E2BB0DAC7007864A1;
					};
					66918A782BB0DAC8007864A1 = {
						CreatedOnToolsVersion = 15.3;
						TestTargetID = 66918A5E2BB0DAC7007864A1;
					};
				};
			};
			buildConfigurationList = 66918A5A2BB0DAC7007864A1 /* Build configuration list for PBXProject "ThreadsClone" */;
			compatibilityVersion = "Xcode 14.0";
			developmentRegion = en;
			hasScannedForEncodings = 0;
			knownRegions = (
				en,
				Base,
			);
			mainGroup = 66918A562BB0DAC7007864A1;
			packageReferences = (
				668226D42BBF5DBF0056E3B1 /* XCRemoteSwiftPackageReference "firebase-ios-sdk" */,
			);
			productRefGroup = 66918A602BB0DAC7007864A1 /* Products */;
			projectDirPath = "";
			projectRoot = "";
			targets = (
				66918A5E2BB0DAC7007864A1 /* ThreadsClone */,
				66918A6E2BB0DAC8007864A1 /* ThreadsCloneTests */,
				66918A782BB0DAC8007864A1 /* ThreadsCloneUITests */,
			);
		};
/* End PBXProject section */

/* Begin PBXResourcesBuildPhase section */
		66918A5D2BB0DAC7007864A1 /* Resources */ = {
			isa = PBXResourcesBuildPhase;
			buildActionMask = 2147483647;
			files = (
				66918A6A2BB0DAC8007864A1 /* Preview Assets.xcassets in Resources */,
				66918A672BB0DAC8007864A1 /* Assets.xcassets in Resources */,
				668226D32BBF5A160056E3B1 /* GoogleService-Info.plist in Resources */,
			);
			runOnlyForDeploymentPostprocessing = 0;
		};
		66918A6D2BB0DAC8007864A1 /* Resources */ = {
			isa = PBXResourcesBuildPhase;
			buildActionMask = 2147483647;
			files = (
			);
			runOnlyForDeploymentPostprocessing = 0;
		};
		66918A772BB0DAC8007864A1 /* Resources */ = {
			isa = PBXResourcesBuildPhase;
			buildActionMask = 2147483647;
			files = (
			);
			runOnlyForDeploymentPostprocessing = 0;
		};
/* End PBXResourcesBuildPhase section */

/* Begin PBXSourcesBuildPhase section */
		66918A5B2BB0DAC7007864A1 /* Sources */ = {
			isa = PBXSourcesBuildPhase;
			buildActionMask = 2147483647;
			files = (
				66918AAA2BB4F3B1007864A1 /* Activityview.swift in Sources */,
				668226E32BBF7D9D0056E3B1 /* Contentview.swift in Sources */,
				66338CB52BC0C12A003E1A64 /* Userservice.swift in Sources */,
				66918AA52BB4EB74007864A1 /* Exploreview.swift in Sources */,
				668226D12BBDDEDD0056E3B1 /* CreateThreadview.swift in Sources */,
				668226E52BBF7E420056E3B1 /* Contentviewmodel.swift in Sources */,
				668226E12BBF62CA0056E3B1 /* AuthService.swift in Sources */,
				66918A9E2BB4C86B007864A1 /* Threadstabview.swift in Sources */,
				66918AB02BB523B3007864A1 /* Threadcell.swift in Sources */,
				66918AA22BB4EAFD007864A1 /* Feedview.swift in Sources */,
				66918AB32BB611EC007864A1 /* CircularProfileImageView.swift in Sources */,
				668226E92BC0BA8E0056E3B1 /* User.swift in Sources */,
				66918AB52BBCBE60007864A1 /* UserCell.swift in Sources */,
				66918ABC2BBCFA96007864A1 /* EditProfileview.swift in Sources */,
				66338CB72BC0C204003E1A64 /* Profileviewmodel.swift in Sources */,
				668226E72BBF85220056E3B1 /* loginviewmodel.swift in Sources */,
				66918A9B2BB49189007864A1 /* Threadstextfieldmodifier.swift in Sources */,
				66338CC02BC0F849003E1A64 /* CurrentProfileView.swift in Sources */,
				66338CB92BC0C8CF003E1A64 /* Exploreviewmodel.swift in Sources */,
				66918A962BB0DE40007864A1 /* Loginview.swift in Sources */,
				66918AAE2BB51F7E007864A1 /* Profileview.swift in Sources */,
				668226DE2BBF60960056E3B1 /* Registrationmodel.swift in Sources */,
				66338CC32BC10102003E1A64 /* Profileheaderview.swift in Sources */,
				66338CBC2BC0E63F003E1A64 /* previewprovider.swift in Sources */,
				66918A652BB0DAC7007864A1 /* ContentView.swift in Sources */,
				66918A632BB0DAC7007864A1 /* ThreadsCloneApp.swift in Sources */,
				66918AB92BBCD4B7007864A1 /* Profilethreadfilter.swift in Sources */,
				66918A982BB3AAFD007864A1 /* Registrationview.swift in Sources */,
			);
			runOnlyForDeploymentPostprocessing = 0;
		};
		66918A6B2BB0DAC8007864A1 /* Sources */ = {
			isa = PBXSourcesBuildPhase;
			buildActionMask = 2147483647;
			files = (
				66918A742BB0DAC8007864A1 /* ThreadsCloneTests.swift in Sources */,
			);
			runOnlyForDeploymentPostprocessing = 0;
		};
		66918A752BB0DAC8007864A1 /* Sources */ = {
			isa = PBXSourcesBuildPhase;
			buildActionMask = 2147483647;
			files = (
				66918A802BB0DAC8007864A1 /* ThreadsCloneUITestsLaunchTests.swift in Sources */,
				66918A7E2BB0DAC8007864A1 /* ThreadsCloneUITests.swift in Sources */,
			);
			runOnlyForDeploymentPostprocessing = 0;
		};
/* End PBXSourcesBuildPhase section */

/* Begin PBXTargetDependency section */
		66918A712BB0DAC8007864A1 /* PBXTargetDependency */ = {
			isa = PBXTargetDependency;
			target = 66918A5E2BB0DAC7007864A1 /* ThreadsClone */;
			targetProxy = 66918A702BB0DAC8007864A1 /* PBXContainerItemProxy */;
		};
		66918A7B2BB0DAC8007864A1 /* PBXTargetDependency */ = {
			isa = PBXTargetDependency;
			target = 66918A5E2BB0DAC7007864A1 /* ThreadsClone */;
			targetProxy = 66918A7A2BB0DAC8007864A1 /* PBXContainerItemProxy */;
		};
/* End PBXTargetDependency section */

/* Begin XCBuildConfiguration section */
		66918A812BB0DAC8007864A1 /* Debug */ = {
			isa = XCBuildConfiguration;
			buildSettings = {
				ALWAYS_SEARCH_USER_PATHS = NO;
				ASSETCATALOG_COMPILER_GENERATE_SWIFT_ASSET_SYMBOL_EXTENSIONS = YES;
				CLANG_ANALYZER_NONNULL = YES;
				CLANG_ANALYZER_NUMBER_OBJECT_CONVERSION = YES_AGGRESSIVE;
				CLANG_CXX_LANGUAGE_STANDARD = "gnu++20";
				CLANG_ENABLE_MODULES = YES;
				CLANG_ENABLE_OBJC_ARC = YES;
				CLANG_ENABLE_OBJC_WEAK = YES;
				CLANG_WARN_BLOCK_CAPTURE_AUTORELEASING = YES;
				CLANG_WARN_BOOL_CONVERSION = YES;
				CLANG_WARN_COMMA = YES;
				CLANG_WARN_CONSTANT_CONVERSION = YES;
				CLANG_WARN_DEPRECATED_OBJC_IMPLEMENTATIONS = YES;
				CLANG_WARN_DIRECT_OBJC_ISA_USAGE = YES_ERROR;
				CLANG_WARN_DOCUMENTATION_COMMENTS = YES;
				CLANG_WARN_EMPTY_BODY = YES;
				CLANG_WARN_ENUM_CONVERSION = YES;
				CLANG_WARN_INFINITE_RECURSION = YES;
				CLANG_WARN_INT_CONVERSION = YES;
				CLANG_WARN_NON_LITERAL_NULL_CONVERSION = YES;
				CLANG_WARN_OBJC_IMPLICIT_RETAIN_SELF = YES;
				CLANG_WARN_OBJC_LITERAL_CONVERSION = YES;
				CLANG_WARN_OBJC_ROOT_CLASS = YES_ERROR;
				CLANG_WARN_QUOTED_INCLUDE_IN_FRAMEWORK_HEADER = YES;
				CLANG_WARN_RANGE_LOOP_ANALYSIS = YES;
				CLANG_WARN_STRICT_PROTOTYPES = YES;
				CLANG_WARN_SUSPICIOUS_MOVE = YES;
				CLANG_WARN_UNGUARDED_AVAILABILITY = YES_AGGRESSIVE;
				CLANG_WARN_UNREACHABLE_CODE = YES;
				CLANG_WARN__DUPLICATE_METHOD_MATCH = YES;
				COPY_PHASE_STRIP = NO;
				DEBUG_INFORMATION_FORMAT = dwarf;
				ENABLE_STRICT_OBJC_MSGSEND = YES;
				ENABLE_TESTABILITY = YES;
				ENABLE_USER_SCRIPT_SANDBOXING = YES;
				GCC_C_LANGUAGE_STANDARD = gnu17;
				GCC_DYNAMIC_NO_PIC = NO;
				GCC_NO_COMMON_BLOCKS = YES;
				GCC_OPTIMIZATION_LEVEL = 0;
				GCC_PREPROCESSOR_DEFINITIONS = (
					"DEBUG=1",
					"$(inherited)",
				);
				GCC_WARN_64_TO_32_BIT_CONVERSION = YES;
				GCC_WARN_ABOUT_RETURN_TYPE = YES_ERROR;
				GCC_WARN_UNDECLARED_SELECTOR = YES;
				GCC_WARN_UNINITIALIZED_AUTOS = YES_AGGRESSIVE;
				GCC_WARN_UNUSED_FUNCTION = YES;
				GCC_WARN_UNUSED_VARIABLE = YES;
				IPHONEOS_DEPLOYMENT_TARGET = 17.4;
				LOCALIZATION_PREFERS_STRING_CATALOGS = YES;
				MTL_ENABLE_DEBUG_INFO = INCLUDE_SOURCE;
				MTL_FAST_MATH = YES;
				ONLY_ACTIVE_ARCH = YES;
				SDKROOT = iphoneos;
				SWIFT_ACTIVE_COMPILATION_CONDITIONS = "DEBUG $(inherited)";
				SWIFT_OPTIMIZATION_LEVEL = "-Onone";
			};
			name = Debug;
		};
		66918A822BB0DAC8007864A1 /* Release */ = {
			isa = XCBuildConfiguration;
			buildSettings = {
				ALWAYS_SEARCH_USER_PATHS = NO;
				ASSETCATALOG_COMPILER_GENERATE_SWIFT_ASSET_SYMBOL_EXTENSIONS = YES;
				CLANG_ANALYZER_NONNULL = YES;
				CLANG_ANALYZER_NUMBER_OBJECT_CONVERSION = YES_AGGRESSIVE;
				CLANG_CXX_LANGUAGE_STANDARD = "gnu++20";
				CLANG_ENABLE_MODULES = YES;
				CLANG_ENABLE_OBJC_ARC = YES;
				CLANG_ENABLE_OBJC_WEAK = YES;
				CLANG_WARN_BLOCK_CAPTURE_AUTORELEASING = YES;
				CLANG_WARN_BOOL_CONVERSION = YES;
				CLANG_WARN_COMMA = YES;
				CLANG_WARN_CONSTANT_CONVERSION = YES;
				CLANG_WARN_DEPRECATED_OBJC_IMPLEMENTATIONS = YES;
				CLANG_WARN_DIRECT_OBJC_ISA_USAGE = YES_ERROR;
				CLANG_WARN_DOCUMENTATION_COMMENTS = YES;
				CLANG_WARN_EMPTY_BODY = YES;
				CLANG_WARN_ENUM_CONVERSION = YES;
				CLANG_WARN_INFINITE_RECURSION = YES;
				CLANG_WARN_INT_CONVERSION = YES;
				CLANG_WARN_NON_LITERAL_NULL_CONVERSION = YES;
				CLANG_WARN_OBJC_IMPLICIT_RETAIN_SELF = YES;
				CLANG_WARN_OBJC_LITERAL_CONVERSION = YES;
				CLANG_WARN_OBJC_ROOT_CLASS = YES_ERROR;
				CLANG_WARN_QUOTED_INCLUDE_IN_FRAMEWORK_HEADER = YES;
				CLANG_WARN_RANGE_LOOP_ANALYSIS = YES;
				CLANG_WARN_STRICT_PROTOTYPES = YES;
				CLANG_WARN_SUSPICIOUS_MOVE = YES;
				CLANG_WARN_UNGUARDED_AVAILABILITY = YES_AGGRESSIVE;
				CLANG_WARN_UNREACHABLE_CODE = YES;
				CLANG_WARN__DUPLICATE_METHOD_MATCH = YES;
				COPY_PHASE_STRIP = NO;
				DEBUG_INFORMATION_FORMAT = "dwarf-with-dsym";
				ENABLE_NS_ASSERTIONS = NO;
				ENABLE_STRICT_OBJC_MSGSEND = YES;
				ENABLE_USER_SCRIPT_SANDBOXING = YES;
				GCC_C_LANGUAGE_STANDARD = gnu17;
				GCC_NO_COMMON_BLOCKS = YES;
				GCC_WARN_64_TO_32_BIT_CONVERSION = YES;
				GCC_WARN_ABOUT_RETURN_TYPE = YES_ERROR;
				GCC_WARN_UNDECLARED_SELECTOR = YES;
				GCC_WARN_UNINITIALIZED_AUTOS = YES_AGGRESSIVE;
				GCC_WARN_UNUSED_FUNCTION = YES;
				GCC_WARN_UNUSED_VARIABLE = YES;
				IPHONEOS_DEPLOYMENT_TARGET = 17.4;
				LOCALIZATION_PREFERS_STRING_CATALOGS = YES;
				MTL_ENABLE_DEBUG_INFO = NO;
				MTL_FAST_MATH = YES;
				SDKROOT = iphoneos;
				SWIFT_COMPILATION_MODE = wholemodule;
				VALIDATE_PRODUCT = YES;
			};
			name = Release;
		};
		66918A842BB0DAC8007864A1 /* Debug */ = {
			isa = XCBuildConfiguration;
			buildSettings = {
				ASSETCATALOG_COMPILER_APPICON_NAME = AppIcon;
				ASSETCATALOG_COMPILER_GLOBAL_ACCENT_COLOR_NAME = AccentColor;
				CODE_SIGN_STYLE = Automatic;
				CURRENT_PROJECT_VERSION = 1;
				DEVELOPMENT_ASSET_PATHS = "\"ThreadsClone/Preview Content\"";
				DEVELOPMENT_TEAM = 3P2Z99W57M;
				ENABLE_PREVIEWS = YES;
				GENERATE_INFOPLIST_FILE = YES;
				INFOPLIST_KEY_UIApplicationSceneManifest_Generation = YES;
				INFOPLIST_KEY_UIApplicationSupportsIndirectInputEvents = YES;
				INFOPLIST_KEY_UILaunchScreen_Generation = YES;
				INFOPLIST_KEY_UISupportedInterfaceOrientations_iPad = "UIInterfaceOrientationPortrait UIInterfaceOrientationPortraitUpsideDown UIInterfaceOrientationLandscapeLeft UIInterfaceOrientationLandscapeRight";
				INFOPLIST_KEY_UISupportedInterfaceOrientations_iPhone = "UIInterfaceOrientationPortrait UIInterfaceOrientationLandscapeLeft UIInterfaceOrientationLandscapeRight";
				LD_RUNPATH_SEARCH_PATHS = (
					"$(inherited)",
					"@executable_path/Frameworks",
				);
				MARKETING_VERSION = 1.0;
				PRODUCT_BUNDLE_IDENTIFIER = test.ThreadsClone;
				PRODUCT_NAME = "$(TARGET_NAME)";
				SWIFT_EMIT_LOC_STRINGS = YES;
				SWIFT_VERSION = 5.0;
				TARGETED_DEVICE_FAMILY = "1,2";
			};
			name = Debug;
		};
		66918A852BB0DAC8007864A1 /* Release */ = {
			isa = XCBuildConfiguration;
			buildSettings = {
				ASSETCATALOG_COMPILER_APPICON_NAME = AppIcon;
				ASSETCATALOG_COMPILER_GLOBAL_ACCENT_COLOR_NAME = AccentColor;
				CODE_SIGN_STYLE = Automatic;
				CURRENT_PROJECT_VERSION = 1;
				DEVELOPMENT_ASSET_PATHS = "\"ThreadsClone/Preview Content\"";
				DEVELOPMENT_TEAM = 3P2Z99W57M;
				ENABLE_PREVIEWS = YES;
				GENERATE_INFOPLIST_FILE = YES;
				INFOPLIST_KEY_UIApplicationSceneManifest_Generation = YES;
				INFOPLIST_KEY_UIApplicationSupportsIndirectInputEvents = YES;
				INFOPLIST_KEY_UILaunchScreen_Generation = YES;
				INFOPLIST_KEY_UISupportedInterfaceOrientations_iPad = "UIInterfaceOrientationPortrait UIInterfaceOrientationPortraitUpsideDown UIInterfaceOrientationLandscapeLeft UIInterfaceOrientationLandscapeRight";
				INFOPLIST_KEY_UISupportedInterfaceOrientations_iPhone = "UIInterfaceOrientationPortrait UIInterfaceOrientationLandscapeLeft UIInterfaceOrientationLandscapeRight";
				LD_RUNPATH_SEARCH_PATHS = (
					"$(inherited)",
					"@executable_path/Frameworks",
				);
				MARKETING_VERSION = 1.0;
				PRODUCT_BUNDLE_IDENTIFIER = test.ThreadsClone;
				PRODUCT_NAME = "$(TARGET_NAME)";
				SWIFT_EMIT_LOC_STRINGS = YES;
				SWIFT_VERSION = 5.0;
				TARGETED_DEVICE_FAMILY = "1,2";
			};
			name = Release;
		};
		66918A872BB0DAC8007864A1 /* Debug */ = {
			isa = XCBuildConfiguration;
			buildSettings = {
				ALWAYS_EMBED_SWIFT_STANDARD_LIBRARIES = YES;
				BUNDLE_LOADER = "$(TEST_HOST)";
				CODE_SIGN_STYLE = Automatic;
				CURRENT_PROJECT_VERSION = 1;
				GENERATE_INFOPLIST_FILE = YES;
				IPHONEOS_DEPLOYMENT_TARGET = 17.4;
				MARKETING_VERSION = 1.0;
				PRODUCT_BUNDLE_IDENTIFIER = test.ThreadsCloneTests;
				PRODUCT_NAME = "$(TARGET_NAME)";
				SWIFT_EMIT_LOC_STRINGS = NO;
				SWIFT_VERSION = 5.0;
				TARGETED_DEVICE_FAMILY = "1,2";
				TEST_HOST = "$(BUILT_PRODUCTS_DIR)/ThreadsClone.app/$(BUNDLE_EXECUTABLE_FOLDER_PATH)/ThreadsClone";
			};
			name = Debug;
		};
		66918A882BB0DAC8007864A1 /* Release */ = {
			isa = XCBuildConfiguration;
			buildSettings = {
				ALWAYS_EMBED_SWIFT_STANDARD_LIBRARIES = YES;
				BUNDLE_LOADER = "$(TEST_HOST)";
				CODE_SIGN_STYLE = Automatic;
				CURRENT_PROJECT_VERSION = 1;
				GENERATE_INFOPLIST_FILE = YES;
				IPHONEOS_DEPLOYMENT_TARGET = 17.4;
				MARKETING_VERSION = 1.0;
				PRODUCT_BUNDLE_IDENTIFIER = test.ThreadsCloneTests;
				PRODUCT_NAME = "$(TARGET_NAME)";
				SWIFT_EMIT_LOC_STRINGS = NO;
				SWIFT_VERSION = 5.0;
				TARGETED_DEVICE_FAMILY = "1,2";
				TEST_HOST = "$(BUILT_PRODUCTS_DIR)/ThreadsClone.app/$(BUNDLE_EXECUTABLE_FOLDER_PATH)/ThreadsClone";
			};
			name = Release;
		};
		66918A8A2BB0DAC8007864A1 /* Debug */ = {
			isa = XCBuildConfiguration;
			buildSettings = {
				ALWAYS_EMBED_SWIFT_STANDARD_LIBRARIES = YES;
				CODE_SIGN_STYLE = Automatic;
				CURRENT_PROJECT_VERSION = 1;
				GENERATE_INFOPLIST_FILE = YES;
				MARKETING_VERSION = 1.0;
				PRODUCT_BUNDLE_IDENTIFIER = test.ThreadsCloneUITests;
				PRODUCT_NAME = "$(TARGET_NAME)";
				SWIFT_EMIT_LOC_STRINGS = NO;
				SWIFT_VERSION = 5.0;
				TARGETED_DEVICE_FAMILY = "1,2";
				TEST_TARGET_NAME = ThreadsClone;
			};
			name = Debug;
		};
		66918A8B2BB0DAC8007864A1 /* Release */ = {
			isa = XCBuildConfiguration;
			buildSettings = {
				ALWAYS_EMBED_SWIFT_STANDARD_LIBRARIES = YES;
				CODE_SIGN_STYLE = Automatic;
				CURRENT_PROJECT_VERSION = 1;
				GENERATE_INFOPLIST_FILE = YES;
				MARKETING_VERSION = 1.0;
				PRODUCT_BUNDLE_IDENTIFIER = test.ThreadsCloneUITests;
				PRODUCT_NAME = "$(TARGET_NAME)";
				SWIFT_EMIT_LOC_STRINGS = NO;
				SWIFT_VERSION = 5.0;
				TARGETED_DEVICE_FAMILY = "1,2";
				TEST_TARGET_NAME = ThreadsClone;
			};
			name = Release;
		};
/* End XCBuildConfiguration section */

/* Begin XCConfigurationList section */
		66918A5A2BB0DAC7007864A1 /* Build configuration list for PBXProject "ThreadsClone" */ = {
			isa = XCConfigurationList;
			buildConfigurations = (
				66918A812BB0DAC8007864A1 /* Debug */,
				66918A822BB0DAC8007864A1 /* Release */,
			);
			defaultConfigurationIsVisible = 0;
			defaultConfigurationName = Release;
		};
		66918A832BB0DAC8007864A1 /* Build configuration list for PBXNativeTarget "ThreadsClone" */ = {
			isa = XCConfigurationList;
			buildConfigurations = (
				66918A842BB0DAC8007864A1 /* Debug */,
				66918A852BB0DAC8007864A1 /* Release */,
			);
			defaultConfigurationIsVisible = 0;
			defaultConfigurationName = Release;
		};
		66918A862BB0DAC8007864A1 /* Build configuration list for PBXNativeTarget "ThreadsCloneTests" */ = {
			isa = XCConfigurationList;
			buildConfigurations = (
				66918A872BB0DAC8007864A1 /* Debug */,
				66918A882BB0DAC8007864A1 /* Release */,
			);
			defaultConfigurationIsVisible = 0;
			defaultConfigurationName = Release;
		};
		66918A892BB0DAC8007864A1 /* Build configuration list for PBXNativeTarget "ThreadsCloneUITests" */ = {
			isa = XCConfigurationList;
			buildConfigurations = (
				66918A8A2BB0DAC8007864A1 /* Debug */,
				66918A8B2BB0DAC8007864A1 /* Release */,
			);
			defaultConfigurationIsVisible = 0;
			defaultConfigurationName = Release;
		};
/* End XCConfigurationList section */

/* Begin XCRemoteSwiftPackageReference section */
		668226D42BBF5DBF0056E3B1 /* XCRemoteSwiftPackageReference "firebase-ios-sdk" */ = {
			isa = XCRemoteSwiftPackageReference;
			repositoryURL = "https://github.com/firebase/firebase-ios-sdk";
			requirement = {
				kind = upToNextMajorVersion;
				minimumVersion = 10.23.1;
			};
		};
/* End XCRemoteSwiftPackageReference section */

/* Begin XCSwiftPackageProductDependency section */
		668226D52BBF5E2B0056E3B1 /* FirebaseAuth */ = {
			isa = XCSwiftPackageProductDependency;
			package = 668226D42BBF5DBF0056E3B1 /* XCRemoteSwiftPackageReference "firebase-ios-sdk" */;
			productName = FirebaseAuth;
		};
		668226D72BBF5E2B0056E3B1 /* FirebaseFirestore */ = {
			isa = XCSwiftPackageProductDependency;
			package = 668226D42BBF5DBF0056E3B1 /* XCRemoteSwiftPackageReference "firebase-ios-sdk" */;
			productName = FirebaseFirestore;
		};
		668226D92BBF5E2B0056E3B1 /* FirebaseFirestoreSwift */ = {
			isa = XCSwiftPackageProductDependency;
			package = 668226D42BBF5DBF0056E3B1 /* XCRemoteSwiftPackageReference "firebase-ios-sdk" */;
			productName = FirebaseFirestoreSwift;
		};
		668226DB2BBF5E2B0056E3B1 /* FirebaseStorage */ = {
			isa = XCSwiftPackageProductDependency;
			package = 668226D42BBF5DBF0056E3B1 /* XCRemoteSwiftPackageReference "firebase-ios-sdk" */;
			productName = FirebaseStorage;
		};
/* End XCSwiftPackageProductDependency section */
	};
	rootObject = 66918A572BB0DAC7007864A1 /* Project object */;
}
